
Microsoft Visual Studio Solution File, Format Version 12.00
# Visual Studio Version 16
VisualStudioVersion = 16.0.30413.136
MinimumVisualStudioVersion = 10.0.40219.1
Project("{FAE04EC0-301F-11D3-BF4B-00C04F79EFBC}") = "DeckOfCards.Core", "DeckOfCards.Core\DeckOfCards.Core.csproj", "{ED836206-0F7C-4536-9DA8-408043A65A4F}"
EndProject
Project("{FAE04EC0-301F-11D3-BF4B-00C04F79EFBC}") = "DeckOfCards.Services", "DeckOfCards.Services\DeckOfCards.Services.csproj", "{791FE54D-E7C1-45E9-8FB9-C98EA7FF374E}"
EndProject
Project("{FAE04EC0-301F-11D3-BF4B-00C04F79EFBC}") = "DeckOfCards.DataAccess", "DeckOfCards.DataAccess\DeckOfCards.DataAccess.csproj", "{BDFD3AAA-ACAF-429C-BCF2-6B011A2F93ED}"
EndProject
Project("{FAE04EC0-301F-11D3-BF4B-00C04F79EFBC}") = "DeckOfCards.WebUI", "DeckOfCards.WebUI\DeckOfCards.WebUI.csproj", "{03BCBCDD-E5F8-4124-8668-68120AB89359}"
EndProject
Project("{FAE04EC0-301F-11D3-BF4B-00C04F79EFBC}") = "DeckOfCards.WebUI.Tests", "DeckOfCards.WebUI.Tests\DeckOfCards.WebUI.Tests.csproj", "{28B8232D-A6B4-4895-B01D-5B5E1D1910F2}"
EndProject
Global
	GlobalSection(SolutionConfigurationPlatforms) = preSolution
		Debug|Any CPU = Debug|Any CPU
		Release|Any CPU = Release|Any CPU
	EndGlobalSection
	GlobalSection(ProjectConfigurationPlatforms) = postSolution
		{ED836206-0F7C-4536-9DA8-408043A65A4F}.Debug|Any CPU.ActiveCfg = Debug|Any CPU
		{ED836206-0F7C-4536-9DA8-408043A65A4F}.Debug|Any CPU.Build.0 = Debug|Any CPU
		{ED836206-0F7C-4536-9DA8-408043A65A4F}.Release|Any CPU.ActiveCfg = Release|Any CPU
		{ED836206-0F7C-4536-9DA8-408043A65A4F}.Release|Any CPU.Build.0 = Release|Any CPU
		{791FE54D-E7C1-45E9-8FB9-C98EA7FF374E}.Debug|Any CPU.ActiveCfg = Debug|Any CPU
		{791FE54D-E7C1-45E9-8FB9-C98EA7FF374E}.Debug|Any CPU.Build.0 = Debug|Any CPU
		{791FE54D-E7C1-45E9-8FB9-C98EA7FF374E}.Release|Any CPU.ActiveCfg = Release|Any CPU
		{791FE54D-E7C1-45E9-8FB9-C98EA7FF374E}.Release|Any CPU.Build.0 = Release|Any CPU
		{BDFD3AAA-ACAF-429C-BCF2-6B011A2F93ED}.Debug|Any CPU.ActiveCfg = Debug|Any CPU
		{BDFD3AAA-ACAF-429C-BCF2-6B011A2F93ED}.Debug|Any CPU.Build.0 = Debug|Any CPU
		{BDFD3AAA-ACAF-429C-BCF2-6B011A2F93ED}.Release|Any CPU.ActiveCfg = Release|Any CPU
		{BDFD3AAA-ACAF-429C-BCF2-6B011A2F93ED}.Release|Any CPU.Build.0 = Release|Any CPU
		{03BCBCDD-E5F8-4124-8668-68120AB89359}.Debug|Any CPU.ActiveCfg = Debug|Any CPU
		{03BCBCDD-E5F8-4124-8668-68120AB89359}.Debug|Any CPU.Build.0 = Debug|Any CPU
		{03BCBCDD-E5F8-4124-8668-68120AB89359}.Release|Any CPU.ActiveCfg = Release|Any CPU
		{03BCBCDD-E5F8-4124-8668-68120AB89359}.Release|Any CPU.Build.0 = Release|Any CPU
		{28B8232D-A6B4-4895-B01D-5B5E1D1910F2}.Debug|Any CPU.ActiveCfg = Debug|Any CPU
		{28B8232D-A6B4-4895-B01D-5B5E1D1910F2}.Debug|Any CPU.Build.0 = Debug|Any CPU
		{28B8232D-A6B4-4895-B01D-5B5E1D1910F2}.Release|Any CPU.ActiveCfg = Release|Any CPU
		{28B8232D-A6B4-4895-B01D-5B5E1D1910F2}.Release|Any CPU.Build.0 = Release|Any CPU
	EndGlobalSection
	GlobalSection(SolutionProperties) = preSolution
		HideSolutionNode = FALSE
	EndGlobalSection
	GlobalSection(ExtensibilityGlobals) = postSolution
		SolutionGuid = {A0A978C7-55F6-493F-B4CD-2DF6F828E3B0}
	EndGlobalSection
EndGlobal
